// !$*UTF8*$!
{
	archiveVersion = 1;
	classes = {
	};
	objectVersion = 50;
	objects = {

/* Begin PBXBuildFile section */
		D82C2A9F26664DB000B7EC64 /* AppDelegate.swift in Sources */ = {isa = PBXBuildFile; fileRef = D82C2A9E26664DB000B7EC64 /* AppDelegate.swift */; };
		D82C2AA126664DB000B7EC64 /* SceneDelegate.swift in Sources */ = {isa = PBXBuildFile; fileRef = D82C2AA026664DB000B7EC64 /* SceneDelegate.swift */; };
		D82C2AA326664DB000B7EC64 /* EventListViewController.swift in Sources */ = {isa = PBXBuildFile; fileRef = D82C2AA226664DB000B7EC64 /* EventListViewController.swift */; };
		D82C2AA626664DB000B7EC64 /* Main.storyboard in Resources */ = {isa = PBXBuildFile; fileRef = D82C2AA426664DB000B7EC64 /* Main.storyboard */; };
		D82C2AA826664DB100B7EC64 /* Assets.xcassets in Resources */ = {isa = PBXBuildFile; fileRef = D82C2AA726664DB100B7EC64 /* Assets.xcassets */; };
		D82C2AAB26664DB100B7EC64 /* LaunchScreen.storyboard in Resources */ = {isa = PBXBuildFile; fileRef = D82C2AA926664DB100B7EC64 /* LaunchScreen.storyboard */; };
		D82C2AB626664DB100B7EC64 /* DaysTests.swift in Sources */ = {isa = PBXBuildFile; fileRef = D82C2AB526664DB100B7EC64 /* DaysTests.swift */; };
		D82C2AC126664DB100B7EC64 /* DaysUITests.swift in Sources */ = {isa = PBXBuildFile; fileRef = D82C2AC026664DB100B7EC64 /* DaysUITests.swift */; };
		D82C2ACF26664DE300B7EC64 /* Event.swift in Sources */ = {isa = PBXBuildFile; fileRef = D82C2ACE26664DE300B7EC64 /* Event.swift */; };
		D82C2AD126664E4600B7EC64 /* EventStorage.swift in Sources */ = {isa = PBXBuildFile; fileRef = D82C2AD026664E4600B7EC64 /* EventStorage.swift */; };
		D82C2AD326664ECD00B7EC64 /* LocalEventStorage.swift in Sources */ = {isa = PBXBuildFile; fileRef = D82C2AD226664ECD00B7EC64 /* LocalEventStorage.swift */; };
		D85C5A4026678D540023D740 /* IconPickerViewController.swift in Sources */ = {isa = PBXBuildFile; fileRef = D85C5A3F26678D540023D740 /* IconPickerViewController.swift */; };
		D8E1AFB6266C857C00038620 /* WidgetKit.framework in Frameworks */ = {isa = PBXBuildFile; fileRef = D8E1AFB5266C857C00038620 /* WidgetKit.framework */; };
		D8E1AFB8266C857C00038620 /* SwiftUI.framework in Frameworks */ = {isa = PBXBuildFile; fileRef = D8E1AFB7266C857C00038620 /* SwiftUI.framework */; };
		D8E1AFBB266C857C00038620 /* Widgets.swift in Sources */ = {isa = PBXBuildFile; fileRef = D8E1AFBA266C857C00038620 /* Widgets.swift */; };
		D8E1AFBE266C857E00038620 /* Assets.xcassets in Resources */ = {isa = PBXBuildFile; fileRef = D8E1AFBD266C857E00038620 /* Assets.xcassets */; };
		D8E1AFC0266C857E00038620 /* Widgets.intentdefinition in Sources */ = {isa = PBXBuildFile; fileRef = D8E1AFBC266C857C00038620 /* Widgets.intentdefinition */; };
		D8E1AFC1266C857E00038620 /* Widgets.intentdefinition in Sources */ = {isa = PBXBuildFile; fileRef = D8E1AFBC266C857C00038620 /* Widgets.intentdefinition */; };
		D8E1AFC4266C857E00038620 /* WidgetsExtension.appex in Embed App Extensions */ = {isa = PBXBuildFile; fileRef = D8E1AFB3266C857C00038620 /* WidgetsExtension.appex */; settings = {ATTRIBUTES = (RemoveHeadersOnCopy, ); }; };
		D8E1AFC9266C85AB00038620 /* Event.swift in Sources */ = {isa = PBXBuildFile; fileRef = D82C2ACE26664DE300B7EC64 /* Event.swift */; };
		D8E1AFCA266C85E500038620 /* EventStorage.swift in Sources */ = {isa = PBXBuildFile; fileRef = D82C2AD026664E4600B7EC64 /* EventStorage.swift */; };
		D8E1AFCB266C85EA00038620 /* LocalEventStorage.swift in Sources */ = {isa = PBXBuildFile; fileRef = D82C2AD226664ECD00B7EC64 /* LocalEventStorage.swift */; };
		D8E1AFCD266C877900038620 /* Assets.xcassets in Resources */ = {isa = PBXBuildFile; fileRef = D82C2AA726664DB100B7EC64 /* Assets.xcassets */; };
		D8F0BD3A269EB137004E55AD /* EventEditorViewController.swift in Sources */ = {isa = PBXBuildFile; fileRef = D8F0BD39269EB137004E55AD /* EventEditorViewController.swift */; };
/* End PBXBuildFile section */

/* Begin PBXContainerItemProxy section */
		D82C2AB226664DB100B7EC64 /* PBXContainerItemProxy */ = {
			isa = PBXContainerItemProxy;
			containerPortal = D82C2A9326664DB000B7EC64 /* Project object */;
			proxyType = 1;
			remoteGlobalIDString = D82C2A9A26664DB000B7EC64;
			remoteInfo = Days;
		};
		D82C2ABD26664DB100B7EC64 /* PBXContainerItemProxy */ = {
			isa = PBXContainerItemProxy;
			containerPortal = D82C2A9326664DB000B7EC64 /* Project object */;
			proxyType = 1;
			remoteGlobalIDString = D82C2A9A26664DB000B7EC64;
			remoteInfo = Days;
		};
		D8E1AFC2266C857E00038620 /* PBXContainerItemProxy */ = {
			isa = PBXContainerItemProxy;
			containerPortal = D82C2A9326664DB000B7EC64 /* Project object */;
			proxyType = 1;
			remoteGlobalIDString = D8E1AFB2266C857C00038620;
			remoteInfo = WidgetsExtension;
		};
/* End PBXContainerItemProxy section */

/* Begin PBXCopyFilesBuildPhase section */
		D8E1AFC8266C857E00038620 /* Embed App Extensions */ = {
			isa = PBXCopyFilesBuildPhase;
			buildActionMask = 2147483647;
			dstPath = "";
			dstSubfolderSpec = 13;
			files = (
				D8E1AFC4266C857E00038620 /* WidgetsExtension.appex in Embed App Extensions */,
			);
			name = "Embed App Extensions";
			runOnlyForDeploymentPostprocessing = 0;
		};
/* End PBXCopyFilesBuildPhase section */

/* Begin PBXFileReference section */
		D82C2A9B26664DB000B7EC64 /* Days.app */ = {isa = PBXFileReference; explicitFileType = wrapper.application; includeInIndex = 0; path = Days.app; sourceTree = BUILT_PRODUCTS_DIR; };
		D82C2A9E26664DB000B7EC64 /* AppDelegate.swift */ = {isa = PBXFileReference; lastKnownFileType = sourcecode.swift; path = AppDelegate.swift; sourceTree = "<group>"; };
		D82C2AA026664DB000B7EC64 /* SceneDelegate.swift */ = {isa = PBXFileReference; lastKnownFileType = sourcecode.swift; path = SceneDelegate.swift; sourceTree = "<group>"; };
		D82C2AA226664DB000B7EC64 /* EventListViewController.swift */ = {isa = PBXFileReference; lastKnownFileType = sourcecode.swift; path = EventListViewController.swift; sourceTree = "<group>"; };
		D82C2AA526664DB000B7EC64 /* Base */ = {isa = PBXFileReference; lastKnownFileType = file.storyboard; name = Base; path = Base.lproj/Main.storyboard; sourceTree = "<group>"; };
		D82C2AA726664DB100B7EC64 /* Assets.xcassets */ = {isa = PBXFileReference; lastKnownFileType = folder.assetcatalog; path = Assets.xcassets; sourceTree = "<group>"; };
		D82C2AAA26664DB100B7EC64 /* Base */ = {isa = PBXFileReference; lastKnownFileType = file.storyboard; name = Base; path = Base.lproj/LaunchScreen.storyboard; sourceTree = "<group>"; };
		D82C2AAC26664DB100B7EC64 /* Info.plist */ = {isa = PBXFileReference; lastKnownFileType = text.plist.xml; path = Info.plist; sourceTree = "<group>"; };
		D82C2AB126664DB100B7EC64 /* DaysTests.xctest */ = {isa = PBXFileReference; explicitFileType = wrapper.cfbundle; includeInIndex = 0; path = DaysTests.xctest; sourceTree = BUILT_PRODUCTS_DIR; };
		D82C2AB526664DB100B7EC64 /* DaysTests.swift */ = {isa = PBXFileReference; lastKnownFileType = sourcecode.swift; path = DaysTests.swift; sourceTree = "<group>"; };
		D82C2AB726664DB100B7EC64 /* Info.plist */ = {isa = PBXFileReference; lastKnownFileType = text.plist.xml; path = Info.plist; sourceTree = "<group>"; };
		D82C2ABC26664DB100B7EC64 /* DaysUITests.xctest */ = {isa = PBXFileReference; explicitFileType = wrapper.cfbundle; includeInIndex = 0; path = DaysUITests.xctest; sourceTree = BUILT_PRODUCTS_DIR; };
		D82C2AC026664DB100B7EC64 /* DaysUITests.swift */ = {isa = PBXFileReference; lastKnownFileType = sourcecode.swift; path = DaysUITests.swift; sourceTree = "<group>"; };
		D82C2AC226664DB100B7EC64 /* Info.plist */ = {isa = PBXFileReference; lastKnownFileType = text.plist.xml; path = Info.plist; sourceTree = "<group>"; };
		D82C2ACE26664DE300B7EC64 /* Event.swift */ = {isa = PBXFileReference; lastKnownFileType = sourcecode.swift; path = Event.swift; sourceTree = "<group>"; };
		D82C2AD026664E4600B7EC64 /* EventStorage.swift */ = {isa = PBXFileReference; lastKnownFileType = sourcecode.swift; path = EventStorage.swift; sourceTree = "<group>"; };
		D82C2AD226664ECD00B7EC64 /* LocalEventStorage.swift */ = {isa = PBXFileReference; lastKnownFileType = sourcecode.swift; path = LocalEventStorage.swift; sourceTree = "<group>"; };
		D85C5A3F26678D540023D740 /* IconPickerViewController.swift */ = {isa = PBXFileReference; lastKnownFileType = sourcecode.swift; path = IconPickerViewController.swift; sourceTree = "<group>"; };
		D8E1AFAE266C7EA800038620 /* Days.entitlements */ = {isa = PBXFileReference; lastKnownFileType = text.plist.entitlements; path = Days.entitlements; sourceTree = "<group>"; };
		D8E1AFB3266C857C00038620 /* WidgetsExtension.appex */ = {isa = PBXFileReference; explicitFileType = "wrapper.app-extension"; includeInIndex = 0; path = WidgetsExtension.appex; sourceTree = BUILT_PRODUCTS_DIR; };
		D8E1AFB5266C857C00038620 /* WidgetKit.framework */ = {isa = PBXFileReference; lastKnownFileType = wrapper.framework; name = WidgetKit.framework; path = System/Library/Frameworks/WidgetKit.framework; sourceTree = SDKROOT; };
		D8E1AFB7266C857C00038620 /* SwiftUI.framework */ = {isa = PBXFileReference; lastKnownFileType = wrapper.framework; name = SwiftUI.framework; path = System/Library/Frameworks/SwiftUI.framework; sourceTree = SDKROOT; };
		D8E1AFBA266C857C00038620 /* Widgets.swift */ = {isa = PBXFileReference; lastKnownFileType = sourcecode.swift; path = Widgets.swift; sourceTree = "<group>"; };
		D8E1AFBC266C857C00038620 /* Widgets.intentdefinition */ = {isa = PBXFileReference; lastKnownFileType = file.intentdefinition; path = Widgets.intentdefinition; sourceTree = "<group>"; };
		D8E1AFBD266C857E00038620 /* Assets.xcassets */ = {isa = PBXFileReference; lastKnownFileType = folder.assetcatalog; path = Assets.xcassets; sourceTree = "<group>"; };
		D8E1AFBF266C857E00038620 /* Info.plist */ = {isa = PBXFileReference; lastKnownFileType = text.plist.xml; path = Info.plist; sourceTree = "<group>"; };
		D8F0BD39269EB137004E55AD /* EventEditorViewController.swift */ = {isa = PBXFileReference; lastKnownFileType = sourcecode.swift; path = EventEditorViewController.swift; sourceTree = "<group>"; };
/* End PBXFileReference section */

/* Begin PBXFrameworksBuildPhase section */
		D82C2A9826664DB000B7EC64 /* Frameworks */ = {
			isa = PBXFrameworksBuildPhase;
			buildActionMask = 2147483647;
			files = (
			);
			runOnlyForDeploymentPostprocessing = 0;
		};
		D82C2AAE26664DB100B7EC64 /* Frameworks */ = {
			isa = PBXFrameworksBuildPhase;
			buildActionMask = 2147483647;
			files = (
			);
			runOnlyForDeploymentPostprocessing = 0;
		};
		D82C2AB926664DB100B7EC64 /* Frameworks */ = {
			isa = PBXFrameworksBuildPhase;
			buildActionMask = 2147483647;
			files = (
			);
			runOnlyForDeploymentPostprocessing = 0;
		};
		D8E1AFB0266C857C00038620 /* Frameworks */ = {
			isa = PBXFrameworksBuildPhase;
			buildActionMask = 2147483647;
			files = (
				D8E1AFB8266C857C00038620 /* SwiftUI.framework in Frameworks */,
				D8E1AFB6266C857C00038620 /* WidgetKit.framework in Frameworks */,
			);
			runOnlyForDeploymentPostprocessing = 0;
		};
/* End PBXFrameworksBuildPhase section */

/* Begin PBXGroup section */
		D82C2A9226664DB000B7EC64 = {
			isa = PBXGroup;
			children = (
				D82C2A9D26664DB000B7EC64 /* Days */,
				D82C2AB426664DB100B7EC64 /* DaysTests */,
				D82C2ABF26664DB100B7EC64 /* DaysUITests */,
				D8E1AFB9266C857C00038620 /* Widgets */,
				D8E1AFB4266C857C00038620 /* Frameworks */,
				D82C2A9C26664DB000B7EC64 /* Products */,
			);
			sourceTree = "<group>";
		};
		D82C2A9C26664DB000B7EC64 /* Products */ = {
			isa = PBXGroup;
			children = (
				D82C2A9B26664DB000B7EC64 /* Days.app */,
				D82C2AB126664DB100B7EC64 /* DaysTests.xctest */,
				D82C2ABC26664DB100B7EC64 /* DaysUITests.xctest */,
				D8E1AFB3266C857C00038620 /* WidgetsExtension.appex */,
			);
			name = Products;
			sourceTree = "<group>";
		};
		D82C2A9D26664DB000B7EC64 /* Days */ = {
			isa = PBXGroup;
			children = (
				D8E1AFAE266C7EA800038620 /* Days.entitlements */,
				D82C2AAC26664DB100B7EC64 /* Info.plist */,
				D82C2A9E26664DB000B7EC64 /* AppDelegate.swift */,
				D82C2ACE26664DE300B7EC64 /* Event.swift */,
				D8F0BD39269EB137004E55AD /* EventEditorViewController.swift */,
				D82C2AA226664DB000B7EC64 /* EventListViewController.swift */,
				D82C2AD026664E4600B7EC64 /* EventStorage.swift */,
				D85C5A3F26678D540023D740 /* IconPickerViewController.swift */,
				D82C2AD226664ECD00B7EC64 /* LocalEventStorage.swift */,
				D82C2AA026664DB000B7EC64 /* SceneDelegate.swift */,
				D82C2AA726664DB100B7EC64 /* Assets.xcassets */,
				D82C2AA926664DB100B7EC64 /* LaunchScreen.storyboard */,
				D82C2AA426664DB000B7EC64 /* Main.storyboard */,
			);
			path = Days;
			sourceTree = "<group>";
		};
		D82C2AB426664DB100B7EC64 /* DaysTests */ = {
			isa = PBXGroup;
			children = (
				D82C2AB526664DB100B7EC64 /* DaysTests.swift */,
				D82C2AB726664DB100B7EC64 /* Info.plist */,
			);
			path = DaysTests;
			sourceTree = "<group>";
		};
		D82C2ABF26664DB100B7EC64 /* DaysUITests */ = {
			isa = PBXGroup;
			children = (
				D82C2AC026664DB100B7EC64 /* DaysUITests.swift */,
				D82C2AC226664DB100B7EC64 /* Info.plist */,
			);
			path = DaysUITests;
			sourceTree = "<group>";
		};
		D8E1AFB4266C857C00038620 /* Frameworks */ = {
			isa = PBXGroup;
			children = (
				D8E1AFB5266C857C00038620 /* WidgetKit.framework */,
				D8E1AFB7266C857C00038620 /* SwiftUI.framework */,
			);
			name = Frameworks;
			sourceTree = "<group>";
		};
		D8E1AFB9266C857C00038620 /* Widgets */ = {
			isa = PBXGroup;
			children = (
				D8E1AFBA266C857C00038620 /* Widgets.swift */,
				D8E1AFBC266C857C00038620 /* Widgets.intentdefinition */,
				D8E1AFBD266C857E00038620 /* Assets.xcassets */,
				D8E1AFBF266C857E00038620 /* Info.plist */,
			);
			path = Widgets;
			sourceTree = "<group>";
		};
/* End PBXGroup section */

/* Begin PBXNativeTarget section */
		D82C2A9A26664DB000B7EC64 /* Days */ = {
			isa = PBXNativeTarget;
			buildConfigurationList = D82C2AC526664DB100B7EC64 /* Build configuration list for PBXNativeTarget "Days" */;
			buildPhases = (
				D82C2A9726664DB000B7EC64 /* Sources */,
				D82C2A9826664DB000B7EC64 /* Frameworks */,
				D82C2A9926664DB000B7EC64 /* Resources */,
				D8E1AFC8266C857E00038620 /* Embed App Extensions */,
			);
			buildRules = (
			);
			dependencies = (
				D8E1AFC3266C857E00038620 /* PBXTargetDependency */,
			);
			name = Days;
			productName = Days;
			productReference = D82C2A9B26664DB000B7EC64 /* Days.app */;
			productType = "com.apple.product-type.application";
		};
		D82C2AB026664DB100B7EC64 /* DaysTests */ = {
			isa = PBXNativeTarget;
			buildConfigurationList = D82C2AC826664DB100B7EC64 /* Build configuration list for PBXNativeTarget "DaysTests" */;
			buildPhases = (
				D82C2AAD26664DB100B7EC64 /* Sources */,
				D82C2AAE26664DB100B7EC64 /* Frameworks */,
				D82C2AAF26664DB100B7EC64 /* Resources */,
			);
			buildRules = (
			);
			dependencies = (
				D82C2AB326664DB100B7EC64 /* PBXTargetDependency */,
			);
			name = DaysTests;
			productName = DaysTests;
			productReference = D82C2AB126664DB100B7EC64 /* DaysTests.xctest */;
			productType = "com.apple.product-type.bundle.unit-test";
		};
		D82C2ABB26664DB100B7EC64 /* DaysUITests */ = {
			isa = PBXNativeTarget;
			buildConfigurationList = D82C2ACB26664DB100B7EC64 /* Build configuration list for PBXNativeTarget "DaysUITests" */;
			buildPhases = (
				D82C2AB826664DB100B7EC64 /* Sources */,
				D82C2AB926664DB100B7EC64 /* Frameworks */,
				D82C2ABA26664DB100B7EC64 /* Resources */,
			);
			buildRules = (
			);
			dependencies = (
				D82C2ABE26664DB100B7EC64 /* PBXTargetDependency */,
			);
			name = DaysUITests;
			productName = DaysUITests;
			productReference = D82C2ABC26664DB100B7EC64 /* DaysUITests.xctest */;
			productType = "com.apple.product-type.bundle.ui-testing";
		};
		D8E1AFB2266C857C00038620 /* WidgetsExtension */ = {
			isa = PBXNativeTarget;
			buildConfigurationList = D8E1AFC5266C857E00038620 /* Build configuration list for PBXNativeTarget "WidgetsExtension" */;
			buildPhases = (
				D8E1AFAF266C857C00038620 /* Sources */,
				D8E1AFB0266C857C00038620 /* Frameworks */,
				D8E1AFB1266C857C00038620 /* Resources */,
			);
			buildRules = (
			);
			dependencies = (
			);
			name = WidgetsExtension;
			productName = WidgetsExtension;
			productReference = D8E1AFB3266C857C00038620 /* WidgetsExtension.appex */;
			productType = "com.apple.product-type.app-extension";
		};
/* End PBXNativeTarget section */

/* Begin PBXProject section */
		D82C2A9326664DB000B7EC64 /* Project object */ = {
			isa = PBXProject;
			attributes = {
				LastSwiftUpdateCheck = 1250;
				LastUpgradeCheck = 1250;
				TargetAttributes = {
					D82C2A9A26664DB000B7EC64 = {
						CreatedOnToolsVersion = 12.5;
					};
					D82C2AB026664DB100B7EC64 = {
						CreatedOnToolsVersion = 12.5;
						TestTargetID = D82C2A9A26664DB000B7EC64;
					};
					D82C2ABB26664DB100B7EC64 = {
						CreatedOnToolsVersion = 12.5;
						TestTargetID = D82C2A9A26664DB000B7EC64;
					};
					D8E1AFB2266C857C00038620 = {
						CreatedOnToolsVersion = 12.5;
					};
				};
			};
			buildConfigurationList = D82C2A9626664DB000B7EC64 /* Build configuration list for PBXProject "Days" */;
			compatibilityVersion = "Xcode 9.3";
			developmentRegion = en;
			hasScannedForEncodings = 0;
			knownRegions = (
				en,
				Base,
			);
			mainGroup = D82C2A9226664DB000B7EC64;
			productRefGroup = D82C2A9C26664DB000B7EC64 /* Products */;
			projectDirPath = "";
			projectRoot = "";
			targets = (
				D82C2A9A26664DB000B7EC64 /* Days */,
				D82C2AB026664DB100B7EC64 /* DaysTests */,
				D82C2ABB26664DB100B7EC64 /* DaysUITests */,
				D8E1AFB2266C857C00038620 /* WidgetsExtension */,
			);
		};
/* End PBXProject section */

/* Begin PBXResourcesBuildPhase section */
		D82C2A9926664DB000B7EC64 /* Resources */ = {
			isa = PBXResourcesBuildPhase;
			buildActionMask = 2147483647;
			files = (
				D82C2AAB26664DB100B7EC64 /* LaunchScreen.storyboard in Resources */,
				D82C2AA826664DB100B7EC64 /* Assets.xcassets in Resources */,
				D82C2AA626664DB000B7EC64 /* Main.storyboard in Resources */,
			);
			runOnlyForDeploymentPostprocessing = 0;
		};
		D82C2AAF26664DB100B7EC64 /* Resources */ = {
			isa = PBXResourcesBuildPhase;
			buildActionMask = 2147483647;
			files = (
			);
			runOnlyForDeploymentPostprocessing = 0;
		};
		D82C2ABA26664DB100B7EC64 /* Resources */ = {
			isa = PBXResourcesBuildPhase;
			buildActionMask = 2147483647;
			files = (
			);
			runOnlyForDeploymentPostprocessing = 0;
		};
		D8E1AFB1266C857C00038620 /* Resources */ = {
			isa = PBXResourcesBuildPhase;
			buildActionMask = 2147483647;
			files = (
				D8E1AFCD266C877900038620 /* Assets.xcassets in Resources */,
				D8E1AFBE266C857E00038620 /* Assets.xcassets in Resources */,
			);
			runOnlyForDeploymentPostprocessing = 0;
		};
/* End PBXResourcesBuildPhase section */

/* Begin PBXSourcesBuildPhase section */
		D82C2A9726664DB000B7EC64 /* Sources */ = {
			isa = PBXSourcesBuildPhase;
			buildActionMask = 2147483647;
			files = (
				D8E1AFC1266C857E00038620 /* Widgets.intentdefinition in Sources */,
				D82C2AD326664ECD00B7EC64 /* LocalEventStorage.swift in Sources */,
				D82C2ACF26664DE300B7EC64 /* Event.swift in Sources */,
				D82C2AD126664E4600B7EC64 /* EventStorage.swift in Sources */,
				D82C2AA326664DB000B7EC64 /* EventListViewController.swift in Sources */,
				D85C5A4026678D540023D740 /* IconPickerViewController.swift in Sources */,
				D8F0BD3A269EB137004E55AD /* EventEditorViewController.swift in Sources */,
				D82C2A9F26664DB000B7EC64 /* AppDelegate.swift in Sources */,
				D82C2AA126664DB000B7EC64 /* SceneDelegate.swift in Sources */,
			);
			runOnlyForDeploymentPostprocessing = 0;
		};
		D82C2AAD26664DB100B7EC64 /* Sources */ = {
			isa = PBXSourcesBuildPhase;
			buildActionMask = 2147483647;
			files = (
				D82C2AB626664DB100B7EC64 /* DaysTests.swift in Sources */,
			);
			runOnlyForDeploymentPostprocessing = 0;
		};
		D82C2AB826664DB100B7EC64 /* Sources */ = {
			isa = PBXSourcesBuildPhase;
			buildActionMask = 2147483647;
			files = (
				D82C2AC126664DB100B7EC64 /* DaysUITests.swift in Sources */,
			);
			runOnlyForDeploymentPostprocessing = 0;
		};
		D8E1AFAF266C857C00038620 /* Sources */ = {
			isa = PBXSourcesBuildPhase;
			buildActionMask = 2147483647;
			files = (
				D8E1AFCA266C85E500038620 /* EventStorage.swift in Sources */,
				D8E1AFC0266C857E00038620 /* Widgets.intentdefinition in Sources */,
				D8E1AFC9266C85AB00038620 /* Event.swift in Sources */,
				D8E1AFCB266C85EA00038620 /* LocalEventStorage.swift in Sources */,
				D8E1AFBB266C857C00038620 /* Widgets.swift in Sources */,
			);
			runOnlyForDeploymentPostprocessing = 0;
		};
/* End PBXSourcesBuildPhase section */

/* Begin PBXTargetDependency section */
		D82C2AB326664DB100B7EC64 /* PBXTargetDependency */ = {
			isa = PBXTargetDependency;
			target = D82C2A9A26664DB000B7EC64 /* Days */;
			targetProxy = D82C2AB226664DB100B7EC64 /* PBXContainerItemProxy */;
		};
		D82C2ABE26664DB100B7EC64 /* PBXTargetDependency */ = {
			isa = PBXTargetDependency;
			target = D82C2A9A26664DB000B7EC64 /* Days */;
			targetProxy = D82C2ABD26664DB100B7EC64 /* PBXContainerItemProxy */;
		};
		D8E1AFC3266C857E00038620 /* PBXTargetDependency */ = {
			isa = PBXTargetDependency;
			target = D8E1AFB2266C857C00038620 /* WidgetsExtension */;
			targetProxy = D8E1AFC2266C857E00038620 /* PBXContainerItemProxy */;
		};
/* End PBXTargetDependency section */

/* Begin PBXVariantGroup section */
		D82C2AA426664DB000B7EC64 /* Main.storyboard */ = {
			isa = PBXVariantGroup;
			children = (
				D82C2AA526664DB000B7EC64 /* Base */,
			);
			name = Main.storyboard;
			sourceTree = "<group>";
		};
		D82C2AA926664DB100B7EC64 /* LaunchScreen.storyboard */ = {
			isa = PBXVariantGroup;
			children = (
				D82C2AAA26664DB100B7EC64 /* Base */,
			);
			name = LaunchScreen.storyboard;
			sourceTree = "<group>";
		};
/* End PBXVariantGroup section */

/* Begin XCBuildConfiguration section */
		D82C2AC326664DB100B7EC64 /* Debug */ = {
			isa = XCBuildConfiguration;
			buildSettings = {
				ALWAYS_SEARCH_USER_PATHS = NO;
				CLANG_ANALYZER_NONNULL = YES;
				CLANG_ANALYZER_NUMBER_OBJECT_CONVERSION = YES_AGGRESSIVE;
				CLANG_CXX_LANGUAGE_STANDARD = "gnu++14";
				CLANG_CXX_LIBRARY = "libc++";
				CLANG_ENABLE_MODULES = YES;
				CLANG_ENABLE_OBJC_ARC = YES;
				CLANG_ENABLE_OBJC_WEAK = YES;
				CLANG_WARN_BLOCK_CAPTURE_AUTORELEASING = YES;
				CLANG_WARN_BOOL_CONVERSION = YES;
				CLANG_WARN_COMMA = YES;
				CLANG_WARN_CONSTANT_CONVERSION = YES;
				CLANG_WARN_DEPRECATED_OBJC_IMPLEMENTATIONS = YES;
				CLANG_WARN_DIRECT_OBJC_ISA_USAGE = YES_ERROR;
				CLANG_WARN_DOCUMENTATION_COMMENTS = YES;
				CLANG_WARN_EMPTY_BODY = YES;
				CLANG_WARN_ENUM_CONVERSION = YES;
				CLANG_WARN_INFINITE_RECURSION = YES;
				CLANG_WARN_INT_CONVERSION = YES;
				CLANG_WARN_NON_LITERAL_NULL_CONVERSION = YES;
				CLANG_WARN_OBJC_IMPLICIT_RETAIN_SELF = YES;
				CLANG_WARN_OBJC_LITERAL_CONVERSION = YES;
				CLANG_WARN_OBJC_ROOT_CLASS = YES_ERROR;
				CLANG_WARN_QUOTED_INCLUDE_IN_FRAMEWORK_HEADER = YES;
				CLANG_WARN_RANGE_LOOP_ANALYSIS = YES;
				CLANG_WARN_STRICT_PROTOTYPES = YES;
				CLANG_WARN_SUSPICIOUS_MOVE = YES;
				CLANG_WARN_UNGUARDED_AVAILABILITY = YES_AGGRESSIVE;
				CLANG_WARN_UNREACHABLE_CODE = YES;
				CLANG_WARN__DUPLICATE_METHOD_MATCH = YES;
				COPY_PHASE_STRIP = NO;
				DEBUG_INFORMATION_FORMAT = dwarf;
				ENABLE_STRICT_OBJC_MSGSEND = YES;
				ENABLE_TESTABILITY = YES;
				GCC_C_LANGUAGE_STANDARD = gnu11;
				GCC_DYNAMIC_NO_PIC = NO;
				GCC_NO_COMMON_BLOCKS = YES;
				GCC_OPTIMIZATION_LEVEL = 0;
				GCC_PREPROCESSOR_DEFINITIONS = (
					"DEBUG=1",
					"$(inherited)",
				);
				GCC_WARN_64_TO_32_BIT_CONVERSION = YES;
				GCC_WARN_ABOUT_RETURN_TYPE = YES_ERROR;
				GCC_WARN_UNDECLARED_SELECTOR = YES;
				GCC_WARN_UNINITIALIZED_AUTOS = YES_AGGRESSIVE;
				GCC_WARN_UNUSED_FUNCTION = YES;
				GCC_WARN_UNUSED_VARIABLE = YES;
				IPHONEOS_DEPLOYMENT_TARGET = 14.5;
				MTL_ENABLE_DEBUG_INFO = INCLUDE_SOURCE;
				MTL_FAST_MATH = YES;
				ONLY_ACTIVE_ARCH = YES;
				SDKROOT = iphoneos;
				SWIFT_ACTIVE_COMPILATION_CONDITIONS = DEBUG;
				SWIFT_OPTIMIZATION_LEVEL = "-Onone";
			};
			name = Debug;
		};
		D82C2AC426664DB100B7EC64 /* Release */ = {
			isa = XCBuildConfiguration;
			buildSettings = {
				ALWAYS_SEARCH_USER_PATHS = NO;
				CLANG_ANALYZER_NONNULL = YES;
				CLANG_ANALYZER_NUMBER_OBJECT_CONVERSION = YES_AGGRESSIVE;
				CLANG_CXX_LANGUAGE_STANDARD = "gnu++14";
				CLANG_CXX_LIBRARY = "libc++";
				CLANG_ENABLE_MODULES = YES;
				CLANG_ENABLE_OBJC_ARC = YES;
				CLANG_ENABLE_OBJC_WEAK = YES;
				CLANG_WARN_BLOCK_CAPTURE_AUTORELEASING = YES;
				CLANG_WARN_BOOL_CONVERSION = YES;
				CLANG_WARN_COMMA = YES;
				CLANG_WARN_CONSTANT_CONVERSION = YES;
				CLANG_WARN_DEPRECATED_OBJC_IMPLEMENTATIONS = YES;
				CLANG_WARN_DIRECT_OBJC_ISA_USAGE = YES_ERROR;
				CLANG_WARN_DOCUMENTATION_COMMENTS = YES;
				CLANG_WARN_EMPTY_BODY = YES;
				CLANG_WARN_ENUM_CONVERSION = YES;
				CLANG_WARN_INFINITE_RECURSION = YES;
				CLANG_WARN_INT_CONVERSION = YES;
				CLANG_WARN_NON_LITERAL_NULL_CONVERSION = YES;
				CLANG_WARN_OBJC_IMPLICIT_RETAIN_SELF = YES;
				CLANG_WARN_OBJC_LITERAL_CONVERSION = YES;
				CLANG_WARN_OBJC_ROOT_CLASS = YES_ERROR;
				CLANG_WARN_QUOTED_INCLUDE_IN_FRAMEWORK_HEADER = YES;
				CLANG_WARN_RANGE_LOOP_ANALYSIS = YES;
				CLANG_WARN_STRICT_PROTOTYPES = YES;
				CLANG_WARN_SUSPICIOUS_MOVE = YES;
				CLANG_WARN_UNGUARDED_AVAILABILITY = YES_AGGRESSIVE;
				CLANG_WARN_UNREACHABLE_CODE = YES;
				CLANG_WARN__DUPLICATE_METHOD_MATCH = YES;
				COPY_PHASE_STRIP = NO;
				DEBUG_INFORMATION_FORMAT = "dwarf-with-dsym";
				ENABLE_NS_ASSERTIONS = NO;
				ENABLE_STRICT_OBJC_MSGSEND = YES;
				GCC_C_LANGUAGE_STANDARD = gnu11;
				GCC_NO_COMMON_BLOCKS = YES;
				GCC_WARN_64_TO_32_BIT_CONVERSION = YES;
				GCC_WARN_ABOUT_RETURN_TYPE = YES_ERROR;
				GCC_WARN_UNDECLARED_SELECTOR = YES;
				GCC_WARN_UNINITIALIZED_AUTOS = YES_AGGRESSIVE;
				GCC_WARN_UNUSED_FUNCTION = YES;
				GCC_WARN_UNUSED_VARIABLE = YES;
				IPHONEOS_DEPLOYMENT_TARGET = 14.5;
				MTL_ENABLE_DEBUG_INFO = NO;
				MTL_FAST_MATH = YES;
				SDKROOT = iphoneos;
				SWIFT_COMPILATION_MODE = wholemodule;
				SWIFT_OPTIMIZATION_LEVEL = "-O";
				VALIDATE_PRODUCT = YES;
			};
			name = Release;
		};
		D82C2AC626664DB100B7EC64 /* Debug */ = {
			isa = XCBuildConfiguration;
			buildSettings = {
				ALWAYS_EMBED_SWIFT_STANDARD_LIBRARIES = YES;
				ASSETCATALOG_COMPILER_APPICON_NAME = AppIcon;
				ASSETCATALOG_COMPILER_GLOBAL_ACCENT_COLOR_NAME = AccentColor;
				CODE_SIGN_ENTITLEMENTS = Days/Days.entitlements;
				CODE_SIGN_STYLE = Automatic;
				DEVELOPMENT_TEAM = "";
				INFOPLIST_FILE = Days/Info.plist;
				LD_RUNPATH_SEARCH_PATHS = (
					"$(inherited)",
					"@executable_path/Frameworks",
				);
				PRODUCT_BUNDLE_IDENTIFIER = com.fastcampus.days;
				PRODUCT_NAME = "$(TARGET_NAME)";
				SWIFT_VERSION = 5.0;
				TARGETED_DEVICE_FAMILY = "1,2";
			};
			name = Debug;
		};
		D82C2AC726664DB100B7EC64 /* Release */ = {
			isa = XCBuildConfiguration;
			buildSettings = {
				ALWAYS_EMBED_SWIFT_STANDARD_LIBRARIES = YES;
				ASSETCATALOG_COMPILER_APPICON_NAME = AppIcon;
				ASSETCATALOG_COMPILER_GLOBAL_ACCENT_COLOR_NAME = AccentColor;
				CODE_SIGN_ENTITLEMENTS = Days/Days.entitlements;
				CODE_SIGN_STYLE = Automatic;
				DEVELOPMENT_TEAM = "";
				INFOPLIST_FILE = Days/Info.plist;
				LD_RUNPATH_SEARCH_PATHS = (
					"$(inherited)",
					"@executable_path/Frameworks",
				);
				PRODUCT_BUNDLE_IDENTIFIER = com.fastcampus.days;
				PRODUCT_NAME = "$(TARGET_NAME)";
				SWIFT_VERSION = 5.0;
				TARGETED_DEVICE_FAMILY = "1,2";
			};
			name = Release;
		};
		D82C2AC926664DB100B7EC64 /* Debug */ = {
			isa = XCBuildConfiguration;
			buildSettings = {
				ALWAYS_EMBED_SWIFT_STANDARD_LIBRARIES = YES;
				BUNDLE_LOADER = "$(TEST_HOST)";
				CODE_SIGN_STYLE = Automatic;
				DEVELOPMENT_TEAM = B3YCY6CV98;
				INFOPLIST_FILE = DaysTests/Info.plist;
				IPHONEOS_DEPLOYMENT_TARGET = 14.5;
				LD_RUNPATH_SEARCH_PATHS = (
					"$(inherited)",
					"@executable_path/Frameworks",
					"@loader_path/Frameworks",
				);
				PRODUCT_BUNDLE_IDENTIFIER = com.fastcampus.DaysTests;
				PRODUCT_NAME = "$(TARGET_NAME)";
				SWIFT_VERSION = 5.0;
				TARGETED_DEVICE_FAMILY = "1,2";
				TEST_HOST = "$(BUILT_PRODUCTS_DIR)/Days.app/Days";
			};
			name = Debug;
		};
		D82C2ACA26664DB100B7EC64 /* Release */ = {
			isa = XCBuildConfiguration;
			buildSettings = {
				ALWAYS_EMBED_SWIFT_STANDARD_LIBRARIES = YES;
				BUNDLE_LOADER = "$(TEST_HOST)";
				CODE_SIGN_STYLE = Automatic;
				DEVELOPMENT_TEAM = B3YCY6CV98;
				INFOPLIST_FILE = DaysTests/Info.plist;
				IPHONEOS_DEPLOYMENT_TARGET = 14.5;
				LD_RUNPATH_SEARCH_PATHS = (
					"$(inherited)",
					"@executable_path/Frameworks",
					"@loader_path/Frameworks",
				);
				PRODUCT_BUNDLE_IDENTIFIER = com.fastcampus.DaysTests;
				PRODUCT_NAME = "$(TARGET_NAME)";
				SWIFT_VERSION = 5.0;
				TARGETED_DEVICE_FAMILY = "1,2";
				TEST_HOST = "$(BUILT_PRODUCTS_DIR)/Days.app/Days";
			};
			name = Release;
		};
		D82C2ACC26664DB100B7EC64 /* Debug */ = {
			isa = XCBuildConfiguration;
			buildSettings = {
				ALWAYS_EMBED_SWIFT_STANDARD_LIBRARIES = YES;
				CODE_SIGN_STYLE = Automatic;
				DEVELOPMENT_TEAM = B3YCY6CV98;
				INFOPLIST_FILE = DaysUITests/Info.plist;
				LD_RUNPATH_SEARCH_PATHS = (
					"$(inherited)",
					"@executable_path/Frameworks",
					"@loader_path/Frameworks",
				);
				PRODUCT_BUNDLE_IDENTIFIER = com.fastcampus.DaysUITests;
				PRODUCT_NAME = "$(TARGET_NAME)";
				SWIFT_VERSION = 5.0;
				TARGETED_DEVICE_FAMILY = "1,2";
				TEST_TARGET_NAME = Days;
			};
			name = Debug;
		};
		D82C2ACD26664DB100B7EC64 /* Release */ = {
			isa = XCBuildConfiguration;
			buildSettings = {
				ALWAYS_EMBED_SWIFT_STANDARD_LIBRARIES = YES;
				CODE_SIGN_STYLE = Automatic;
				DEVELOPMENT_TEAM = B3YCY6CV98;
				INFOPLIST_FILE = DaysUITests/Info.plist;
				LD_RUNPATH_SEARCH_PATHS = (
					"$(inherited)",
					"@executable_path/Frameworks",
					"@loader_path/Frameworks",
				);
				PRODUCT_BUNDLE_IDENTIFIER = com.fastcampus.DaysUITests;
				PRODUCT_NAME = "$(TARGET_NAME)";
				SWIFT_VERSION = 5.0;
				TARGETED_DEVICE_FAMILY = "1,2";
				TEST_TARGET_NAME = Days;
			};
			name = Release;
		};
		D8E1AFC6266C857E00038620 /* Debug */ = {
			isa = XCBuildConfiguration;
			buildSettings = {
				ASSETCATALOG_COMPILER_GLOBAL_ACCENT_COLOR_NAME = AccentColor;
				ASSETCATALOG_COMPILER_WIDGET_BACKGROUND_COLOR_NAME = WidgetBackground;
				CODE_SIGN_STYLE = Automatic;
				DEVELOPMENT_TEAM = B3YCY6CV98;
				INFOPLIST_FILE = Widgets/Info.plist;
				LD_RUNPATH_SEARCH_PATHS = (
					"$(inherited)",
					"@executable_path/Frameworks",
					"@executable_path/../../Frameworks",
				);
				PRODUCT_BUNDLE_IDENTIFIER = com.fastcampus.days.Widgets;
				PRODUCT_NAME = "$(TARGET_NAME)";
				SKIP_INSTALL = YES;
				SWIFT_VERSION = 5.0;
				TARGETED_DEVICE_FAMILY = "1,2";
			};
			name = Debug;
		};
		D8E1AFC7266C857E00038620 /* Release */ = {
			isa = XCBuildConfiguration;
			buildSettings = {
				ASSETCATALOG_COMPILER_GLOBAL_ACCENT_COLOR_NAME = AccentColor;
				ASSETCATALOG_COMPILER_WIDGET_BACKGROUND_COLOR_NAME = WidgetBackground;
				CODE_SIGN_STYLE = Automatic;
				DEVELOPMENT_TEAM = B3YCY6CV98;
				INFOPLIST_FILE = Widgets/Info.plist;
				LD_RUNPATH_SEARCH_PATHS = (
					"$(inherited)",
					"@executable_path/Frameworks",
					"@executable_path/../../Frameworks",
				);
				PRODUCT_BUNDLE_IDENTIFIER = com.fastcampus.days.Widgets;
				PRODUCT_NAME = "$(TARGET_NAME)";
				SKIP_INSTALL = YES;
				SWIFT_VERSION = 5.0;
				TARGETED_DEVICE_FAMILY = "1,2";
			};
			name = Release;
		};
/* End XCBuildConfiguration section */

/* Begin XCConfigurationList section */
		D82C2A9626664DB000B7EC64 /* Build configuration list for PBXProject "Days" */ = {
			isa = XCConfigurationList;
			buildConfigurations = (
				D82C2AC326664DB100B7EC64 /* Debug */,
				D82C2AC426664DB100B7EC64 /* Release */,
			);
			defaultConfigurationIsVisible = 0;
			defaultConfigurationName = Release;
		};
		D82C2AC526664DB100B7EC64 /* Build configuration list for PBXNativeTarget "Days" */ = {
			isa = XCConfigurationList;
			buildConfigurations = (
				D82C2AC626664DB100B7EC64 /* Debug */,
				D82C2AC726664DB100B7EC64 /* Release */,
			);
			defaultConfigurationIsVisible = 0;
			defaultConfigurationName = Release;
		};
		D82C2AC826664DB100B7EC64 /* Build configuration list for PBXNativeTarget "DaysTests" */ = {
			isa = XCConfigurationList;
			buildConfigurations = (
				D82C2AC926664DB100B7EC64 /* Debug */,
				D82C2ACA26664DB100B7EC64 /* Release */,
			);
			defaultConfigurationIsVisible = 0;
			defaultConfigurationName = Release;
		};
		D82C2ACB26664DB100B7EC64 /* Build configuration list for PBXNativeTarget "DaysUITests" */ = {
			isa = XCConfigurationList;
			buildConfigurations = (
				D82C2ACC26664DB100B7EC64 /* Debug */,
				D82C2ACD26664DB100B7EC64 /* Release */,
			);
			defaultConfigurationIsVisible = 0;
			defaultConfigurationName = Release;
		};
		D8E1AFC5266C857E00038620 /* Build configuration list for PBXNativeTarget "WidgetsExtension" */ = {
			isa = XCConfigurationList;
			buildConfigurations = (
				D8E1AFC6266C857E00038620 /* Debug */,
				D8E1AFC7266C857E00038620 /* Release */,
			);
			defaultConfigurationIsVisible = 0;
			defaultConfigurationName = Release;
		};
/* End XCConfigurationList section */
	};
	rootObject = D82C2A9326664DB000B7EC64 /* Project object */;
}
